{
  "name": "search-component",
  "lockfileVersion": 3,
  "requires": true,
  "packages": {
    "": {
      "dependencies": {
        "lucos_search_component": "^4.0.3"
      }
    },
    "node_modules/lucos_search_component": {
      "version": "4.0.3",
      "resolved": "https://registry.npmjs.org/lucos_search_component/-/lucos_search_component-4.0.3.tgz",
      "integrity": "sha512-NSo0+YcIF8oSrqy8J50XUR74kBw4f/jlssBoEkUH7WFpVUpBbN0/C/jPxLXmL4Hddy1Bur4LDIzaNoMS/VMpBQ=="
    }
  }
}
