{
  "name": "search-component",
  "lockfileVersion": 3,
  "requires": true,
  "packages": {
    "": {
      "dependencies": {
        "lucos_search_component": "^4.0.0"
      }
    },
    "node_modules/lucos_search_component": {
      "version": "4.0.0",
      "resolved": "https://registry.npmjs.org/lucos_search_component/-/lucos_search_component-4.0.0.tgz",
      "integrity": "sha512-BYqRLcUYBoVYb8kidIQ6wr7D0r6lsfndUUOwSX5/qvUyXrmeo2NInZScDKheuHPgZRceFhZ6US3DIleToCPtVg=="
    }
  }
}
