{
  "name": "search-component",
  "lockfileVersion": 3,
  "requires": true,
  "packages": {
    "": {
      "dependencies": {
        "lucos_search_component": "^4.0.4"
      }
    },
    "node_modules/lucos_search_component": {
      "version": "4.0.4",
      "resolved": "https://registry.npmjs.org/lucos_search_component/-/lucos_search_component-4.0.4.tgz",
      "integrity": "sha512-bHRQZIq+gzqoPpFDqQBjzUJ18Hl+UvG2hRhl5OwB3OqfnoTbFVFC/J5ab4OeSORG2ffI8OzjLu+3wltfUQW3Tg=="
    }
  }
}
